{
  "lockfileVersion": 1,
  "configVersion": 0,
  "workspaces": {
    "": {
      "dependencies": {
        "@opencode-ai/plugin": "1.1.27",
      },
    },
  },
  "packages": {
    "@opencode-ai/plugin": ["@opencode-ai/plugin@1.1.27", "", { "dependencies": { "@opencode-ai/sdk": "1.1.27", "zod": "4.1.8" } }, "sha512-EevLVaEhQ1jTLNRbQJj18tFZaVNJcZZcVqvZEbDSe17CfmVRv3FQNKRAjD/QHwb+Kym7sn+LAZxD7aYIPPelvQ=="],

    "@opencode-ai/sdk": ["@opencode-ai/sdk@1.1.27", "", {}, "sha512-ssRZpET3zUNdk1GuF6HwFkNHhCXSTG0lhuPmw9HjifTwv1EVrn8gz7jAuME2OCvUSBvRTesH6Lb0Xt78Qbhzww=="],

    "zod": ["zod@4.1.8", "", {}, "sha512-5R1P+WwQqmmMIEACyzSvo4JXHY5WiAFHRMg+zBZKgKS+Q1viRa0C1hmUKtHltoIFKtIdki3pRxkmpP74jnNYHQ=="],
  }
}
